// !$*UTF8*$!
{
	archiveVersion = 1;
	classes = {
	};
	objectVersion = 50;
	objects = {

/* Begin PBXBuildFile section */
		007C7383215AE788008F4004 /* HomeViewController.swift in Sources */ = {isa = PBXBuildFile; fileRef = 007C7382215AE788008F4004 /* HomeViewController.swift */; };
		007C7385215AE8B3008F4004 /* Home.storyboard in Resources */ = {isa = PBXBuildFile; fileRef = 007C7384215AE8B3008F4004 /* Home.storyboard */; };
		007C7389215AF07B008F4004 /* Menu.storyboard in Resources */ = {isa = PBXBuildFile; fileRef = 007C7388215AF07B008F4004 /* Menu.storyboard */; };
		00A5B3A6215B405000F457A3 /* APIManager.swift in Sources */ = {isa = PBXBuildFile; fileRef = 00A5B3A5215B404F00F457A3 /* APIManager.swift */; };
		00A5B3A8215B41EE00F457A3 /* Constants.swift in Sources */ = {isa = PBXBuildFile; fileRef = 00A5B3A7215B41EE00F457A3 /* Constants.swift */; };
		00A5B3AA215BB86000F457A3 /* ReachabilityManager.swift in Sources */ = {isa = PBXBuildFile; fileRef = 00A5B3A9215BB86000F457A3 /* ReachabilityManager.swift */; };
		00A5B3AC215BB8DB00F457A3 /* ServerError.swift in Sources */ = {isa = PBXBuildFile; fileRef = 00A5B3AB215BB8DB00F457A3 /* ServerError.swift */; };
		00A5B3AE215C8FCB00F457A3 /* Alert.swift in Sources */ = {isa = PBXBuildFile; fileRef = 00A5B3AD215C8FCB00F457A3 /* Alert.swift */; };
		00A5B3B0215D3A2200F457A3 /* AlertManager.swift in Sources */ = {isa = PBXBuildFile; fileRef = 00A5B3AF215D3A2200F457A3 /* AlertManager.swift */; };
		00C4B0CA217007A200A956C5 /* AlertList.swift in Sources */ = {isa = PBXBuildFile; fileRef = 00C4B0C9217007A200A956C5 /* AlertList.swift */; };
		3001282D2171A03200C37257 /* Login.swift in Sources */ = {isa = PBXBuildFile; fileRef = 3001282C2171A03200C37257 /* Login.swift */; };
		3001282F2171A05500C37257 /* UserInfo.swift in Sources */ = {isa = PBXBuildFile; fileRef = 3001282E2171A05500C37257 /* UserInfo.swift */; };
		3001D8A421670662007B2B86 /* Lista.swift in Sources */ = {isa = PBXBuildFile; fileRef = 3001D8A321670662007B2B86 /* Lista.swift */; };
		3006A1EF216EF975006F2FC9 /* AlertDetailsViewController.swift in Sources */ = {isa = PBXBuildFile; fileRef = 3006A1EE216EF975006F2FC9 /* AlertDetailsViewController.swift */; };
		3006A1F1216EFAF9006F2FC9 /* ApproveAlertTableViewController.swift in Sources */ = {isa = PBXBuildFile; fileRef = 3006A1F0216EFAF9006F2FC9 /* ApproveAlertTableViewController.swift */; };
		305AE979216C543300E764AD /* AlertTableViewCell.swift in Sources */ = {isa = PBXBuildFile; fileRef = 305AE978216C543300E764AD /* AlertTableViewCell.swift */; };
		3071710121703716009B7DEF /* AlertApproveTableViewCell.swift in Sources */ = {isa = PBXBuildFile; fileRef = 3071710021703716009B7DEF /* AlertApproveTableViewCell.swift */; };
		3E51EE273C114CD2374E6E1E /* Pods_AppBOA.framework in Frameworks */ = {isa = PBXBuildFile; fileRef = 32CDDB585E74E638CD320E4C /* Pods_AppBOA.framework */; };
		9A06AD6A21705DBE007EB192 /* AlertDetails.swift in Sources */ = {isa = PBXBuildFile; fileRef = 9A06AD6921705DBE007EB192 /* AlertDetails.swift */; };
		9AD25DAA21588E6D00DD2227 /* AppDelegate.swift in Sources */ = {isa = PBXBuildFile; fileRef = 9AD25DA921588E6D00DD2227 /* AppDelegate.swift */; };
		9AD25DAC21588E6D00DD2227 /* ViewController.swift in Sources */ = {isa = PBXBuildFile; fileRef = 9AD25DAB21588E6D00DD2227 /* ViewController.swift */; };
		9AD25DAF21588E6D00DD2227 /* Main.storyboard in Resources */ = {isa = PBXBuildFile; fileRef = 9AD25DAD21588E6D00DD2227 /* Main.storyboard */; };
		9AD25DB221588E6E00DD2227 /* AppBOA.xcdatamodeld in Sources */ = {isa = PBXBuildFile; fileRef = 9AD25DB021588E6E00DD2227 /* AppBOA.xcdatamodeld */; };
		9AD25DB421588E7700DD2227 /* Assets.xcassets in Resources */ = {isa = PBXBuildFile; fileRef = 9AD25DB321588E7700DD2227 /* Assets.xcassets */; };
		9AD25DB721588E7700DD2227 /* LaunchScreen.storyboard in Resources */ = {isa = PBXBuildFile; fileRef = 9AD25DB521588E7700DD2227 /* LaunchScreen.storyboard */; };
		9AD25DC221588E7700DD2227 /* AppBOATests.swift in Sources */ = {isa = PBXBuildFile; fileRef = 9AD25DC121588E7700DD2227 /* AppBOATests.swift */; };
		9AD25DD72158913E00DD2227 /* LoginViewController.swift in Sources */ = {isa = PBXBuildFile; fileRef = 9AD25DCF2158913D00DD2227 /* LoginViewController.swift */; };
		9AD25DD82158913E00DD2227 /* Login.storyboard in Resources */ = {isa = PBXBuildFile; fileRef = 9AD25DD22158913D00DD2227 /* Login.storyboard */; };
		9AD25DD92158913E00DD2227 /* AppStoryboard.swift in Sources */ = {isa = PBXBuildFile; fileRef = 9AD25DD62158913D00DD2227 /* AppStoryboard.swift */; };
/* End PBXBuildFile section */

/* Begin PBXContainerItemProxy section */
		9AD25DBE21588E7700DD2227 /* PBXContainerItemProxy */ = {
			isa = PBXContainerItemProxy;
			containerPortal = 9AD25D9E21588E6D00DD2227 /* Project object */;
			proxyType = 1;
			remoteGlobalIDString = 9AD25DA521588E6D00DD2227;
			remoteInfo = AppBOA;
		};
/* End PBXContainerItemProxy section */

/* Begin PBXFileReference section */
		007C7382215AE788008F4004 /* HomeViewController.swift */ = {isa = PBXFileReference; lastKnownFileType = sourcecode.swift; path = HomeViewController.swift; sourceTree = "<group>"; };
		007C7384215AE8B3008F4004 /* Home.storyboard */ = {isa = PBXFileReference; lastKnownFileType = file.storyboard; path = Home.storyboard; sourceTree = "<group>"; };
		007C7388215AF07B008F4004 /* Menu.storyboard */ = {isa = PBXFileReference; lastKnownFileType = file.storyboard; path = Menu.storyboard; sourceTree = "<group>"; };
		00A5B3A5215B404F00F457A3 /* APIManager.swift */ = {isa = PBXFileReference; lastKnownFileType = sourcecode.swift; path = APIManager.swift; sourceTree = "<group>"; };
		00A5B3A7215B41EE00F457A3 /* Constants.swift */ = {isa = PBXFileReference; lastKnownFileType = sourcecode.swift; path = Constants.swift; sourceTree = "<group>"; };
		00A5B3A9215BB86000F457A3 /* ReachabilityManager.swift */ = {isa = PBXFileReference; lastKnownFileType = sourcecode.swift; path = ReachabilityManager.swift; sourceTree = "<group>"; };
		00A5B3AB215BB8DB00F457A3 /* ServerError.swift */ = {isa = PBXFileReference; lastKnownFileType = sourcecode.swift; path = ServerError.swift; sourceTree = "<group>"; };
		00A5B3AD215C8FCB00F457A3 /* Alert.swift */ = {isa = PBXFileReference; lastKnownFileType = sourcecode.swift; path = Alert.swift; sourceTree = "<group>"; };
		00A5B3AF215D3A2200F457A3 /* AlertManager.swift */ = {isa = PBXFileReference; lastKnownFileType = sourcecode.swift; path = AlertManager.swift; sourceTree = "<group>"; };
		00C4B0C9217007A200A956C5 /* AlertList.swift */ = {isa = PBXFileReference; lastKnownFileType = sourcecode.swift; path = AlertList.swift; sourceTree = "<group>"; };
		3001282C2171A03200C37257 /* Login.swift */ = {isa = PBXFileReference; lastKnownFileType = sourcecode.swift; path = Login.swift; sourceTree = "<group>"; };
		3001282E2171A05500C37257 /* UserInfo.swift */ = {isa = PBXFileReference; lastKnownFileType = sourcecode.swift; path = UserInfo.swift; sourceTree = "<group>"; };
		3001D8A321670662007B2B86 /* Lista.swift */ = {isa = PBXFileReference; lastKnownFileType = sourcecode.swift; path = Lista.swift; sourceTree = "<group>"; };
		3006A1EE216EF975006F2FC9 /* AlertDetailsViewController.swift */ = {isa = PBXFileReference; lastKnownFileType = sourcecode.swift; path = AlertDetailsViewController.swift; sourceTree = "<group>"; };
		3006A1F0216EFAF9006F2FC9 /* ApproveAlertTableViewController.swift */ = {isa = PBXFileReference; lastKnownFileType = sourcecode.swift; path = ApproveAlertTableViewController.swift; sourceTree = "<group>"; };
		305AE978216C543300E764AD /* AlertTableViewCell.swift */ = {isa = PBXFileReference; lastKnownFileType = sourcecode.swift; path = AlertTableViewCell.swift; sourceTree = "<group>"; };
		3071710021703716009B7DEF /* AlertApproveTableViewCell.swift */ = {isa = PBXFileReference; lastKnownFileType = sourcecode.swift; path = AlertApproveTableViewCell.swift; sourceTree = "<group>"; };
		32CDDB585E74E638CD320E4C /* Pods_AppBOA.framework */ = {isa = PBXFileReference; explicitFileType = wrapper.framework; includeInIndex = 0; path = Pods_AppBOA.framework; sourceTree = BUILT_PRODUCTS_DIR; };
		9A06AD6921705DBE007EB192 /* AlertDetails.swift */ = {isa = PBXFileReference; lastKnownFileType = sourcecode.swift; path = AlertDetails.swift; sourceTree = "<group>"; };
		9AD25DA621588E6D00DD2227 /* AppBOA.app */ = {isa = PBXFileReference; explicitFileType = wrapper.application; includeInIndex = 0; path = AppBOA.app; sourceTree = BUILT_PRODUCTS_DIR; };
		9AD25DA921588E6D00DD2227 /* AppDelegate.swift */ = {isa = PBXFileReference; lastKnownFileType = sourcecode.swift; path = AppDelegate.swift; sourceTree = "<group>"; };
		9AD25DAB21588E6D00DD2227 /* ViewController.swift */ = {isa = PBXFileReference; lastKnownFileType = sourcecode.swift; path = ViewController.swift; sourceTree = "<group>"; };
		9AD25DAE21588E6D00DD2227 /* Base */ = {isa = PBXFileReference; lastKnownFileType = file.storyboard; name = Base; path = Base.lproj/Main.storyboard; sourceTree = "<group>"; };
		9AD25DB121588E6E00DD2227 /* AppBOA.xcdatamodel */ = {isa = PBXFileReference; lastKnownFileType = wrapper.xcdatamodel; path = AppBOA.xcdatamodel; sourceTree = "<group>"; };
		9AD25DB321588E7700DD2227 /* Assets.xcassets */ = {isa = PBXFileReference; lastKnownFileType = folder.assetcatalog; path = Assets.xcassets; sourceTree = "<group>"; };
		9AD25DB621588E7700DD2227 /* Base */ = {isa = PBXFileReference; lastKnownFileType = file.storyboard; name = Base; path = Base.lproj/LaunchScreen.storyboard; sourceTree = "<group>"; };
		9AD25DB821588E7700DD2227 /* Info.plist */ = {isa = PBXFileReference; lastKnownFileType = text.plist.xml; path = Info.plist; sourceTree = "<group>"; };
		9AD25DBD21588E7700DD2227 /* AppBOATests.xctest */ = {isa = PBXFileReference; explicitFileType = wrapper.cfbundle; includeInIndex = 0; path = AppBOATests.xctest; sourceTree = BUILT_PRODUCTS_DIR; };
		9AD25DC121588E7700DD2227 /* AppBOATests.swift */ = {isa = PBXFileReference; lastKnownFileType = sourcecode.swift; path = AppBOATests.swift; sourceTree = "<group>"; };
		9AD25DC321588E7700DD2227 /* Info.plist */ = {isa = PBXFileReference; lastKnownFileType = text.plist.xml; path = Info.plist; sourceTree = "<group>"; };
		9AD25DCF2158913D00DD2227 /* LoginViewController.swift */ = {isa = PBXFileReference; fileEncoding = 4; lastKnownFileType = sourcecode.swift; path = LoginViewController.swift; sourceTree = "<group>"; };
		9AD25DD22158913D00DD2227 /* Login.storyboard */ = {isa = PBXFileReference; fileEncoding = 4; lastKnownFileType = file.storyboard; path = Login.storyboard; sourceTree = "<group>"; };
		9AD25DD62158913D00DD2227 /* AppStoryboard.swift */ = {isa = PBXFileReference; fileEncoding = 4; lastKnownFileType = sourcecode.swift; path = AppStoryboard.swift; sourceTree = "<group>"; };
		F74A5F286D410FDA09F1452B /* Pods-AppBOA.release.xcconfig */ = {isa = PBXFileReference; includeInIndex = 1; lastKnownFileType = text.xcconfig; name = "Pods-AppBOA.release.xcconfig"; path = "Pods/Target Support Files/Pods-AppBOA/Pods-AppBOA.release.xcconfig"; sourceTree = "<group>"; };
		F8C5AB60D264B3A1B260E96D /* Pods-AppBOA.debug.xcconfig */ = {isa = PBXFileReference; includeInIndex = 1; lastKnownFileType = text.xcconfig; name = "Pods-AppBOA.debug.xcconfig"; path = "Pods/Target Support Files/Pods-AppBOA/Pods-AppBOA.debug.xcconfig"; sourceTree = "<group>"; };
/* End PBXFileReference section */

/* Begin PBXFrameworksBuildPhase section */
		9AD25DA321588E6D00DD2227 /* Frameworks */ = {
			isa = PBXFrameworksBuildPhase;
			buildActionMask = 2147483647;
			files = (
				3E51EE273C114CD2374E6E1E /* Pods_AppBOA.framework in Frameworks */,
			);
			runOnlyForDeploymentPostprocessing = 0;
		};
		9AD25DBA21588E7700DD2227 /* Frameworks */ = {
			isa = PBXFrameworksBuildPhase;
			buildActionMask = 2147483647;
			files = (
			);
			runOnlyForDeploymentPostprocessing = 0;
		};
/* End PBXFrameworksBuildPhase section */

/* Begin PBXGroup section */
		007C7381215AE754008F4004 /* Home */ = {
			isa = PBXGroup;
			children = (
				305AE977216C540900E764AD /* Cells */,
				007C7382215AE788008F4004 /* HomeViewController.swift */,
				3006A1EE216EF975006F2FC9 /* AlertDetailsViewController.swift */,
				3006A1F0216EFAF9006F2FC9 /* ApproveAlertTableViewController.swift */,
			);
			path = Home;
			sourceTree = "<group>";
		};
		007C7386215AEECE008F4004 /* Managers */ = {
			isa = PBXGroup;
			children = (
				00A5B3A5215B404F00F457A3 /* APIManager.swift */,
				00A5B3A9215BB86000F457A3 /* ReachabilityManager.swift */,
				00A5B3AF215D3A2200F457A3 /* AlertManager.swift */,
			);
			path = Managers;
			sourceTree = "<group>";
		};
		007C7387215AEEE4008F4004 /* Models */ = {
			isa = PBXGroup;
			children = (
				00A5B3AB215BB8DB00F457A3 /* ServerError.swift */,
				00A5B3AD215C8FCB00F457A3 /* Alert.swift */,
				3001D8A321670662007B2B86 /* Lista.swift */,
				00C4B0C9217007A200A956C5 /* AlertList.swift */,
				9A06AD6921705DBE007EB192 /* AlertDetails.swift */,
				3001282C2171A03200C37257 /* Login.swift */,
				3001282E2171A05500C37257 /* UserInfo.swift */,
			);
			path = Models;
			sourceTree = "<group>";
		};
		0B0AB4D38445E70AD3A19B34 /* Pods */ = {
			isa = PBXGroup;
			children = (
				F8C5AB60D264B3A1B260E96D /* Pods-AppBOA.debug.xcconfig */,
				F74A5F286D410FDA09F1452B /* Pods-AppBOA.release.xcconfig */,
			);
			name = Pods;
			sourceTree = "<group>";
		};
		305AE977216C540900E764AD /* Cells */ = {
			isa = PBXGroup;
			children = (
				305AE978216C543300E764AD /* AlertTableViewCell.swift */,
				3071710021703716009B7DEF /* AlertApproveTableViewCell.swift */,
			);
			path = Cells;
			sourceTree = "<group>";
		};
		9AD25D9D21588E6D00DD2227 = {
			isa = PBXGroup;
			children = (
				9AD25DA821588E6D00DD2227 /* AppBOA */,
				9AD25DC021588E7700DD2227 /* AppBOATests */,
				9AD25DA721588E6D00DD2227 /* Products */,
				0B0AB4D38445E70AD3A19B34 /* Pods */,
				FB69350A251A9F6324C694DC /* Frameworks */,
			);
			sourceTree = "<group>";
		};
		9AD25DA721588E6D00DD2227 /* Products */ = {
			isa = PBXGroup;
			children = (
				9AD25DA621588E6D00DD2227 /* AppBOA.app */,
				9AD25DBD21588E7700DD2227 /* AppBOATests.xctest */,
			);
			name = Products;
			sourceTree = "<group>";
		};
		9AD25DA821588E6D00DD2227 /* AppBOA */ = {
			isa = PBXGroup;
			children = (
				007C7387215AEEE4008F4004 /* Models */,
				007C7386215AEECE008F4004 /* Managers */,
				9AD25DCC2158913D00DD2227 /* Controllers */,
				9AD25DD52158913D00DD2227 /* Utils */,
				9AD25DD02158913D00DD2227 /* Views */,
				9AD25DA921588E6D00DD2227 /* AppDelegate.swift */,
				9AD25DAB21588E6D00DD2227 /* ViewController.swift */,
				9AD25DAD21588E6D00DD2227 /* Main.storyboard */,
				9AD25DB321588E7700DD2227 /* Assets.xcassets */,
				9AD25DB521588E7700DD2227 /* LaunchScreen.storyboard */,
				9AD25DB821588E7700DD2227 /* Info.plist */,
				9AD25DB021588E6E00DD2227 /* AppBOA.xcdatamodeld */,
			);
			path = AppBOA;
			sourceTree = "<group>";
		};
		9AD25DC021588E7700DD2227 /* AppBOATests */ = {
			isa = PBXGroup;
			children = (
				9AD25DC121588E7700DD2227 /* AppBOATests.swift */,
				9AD25DC321588E7700DD2227 /* Info.plist */,
			);
			path = AppBOATests;
			sourceTree = "<group>";
		};
		9AD25DCC2158913D00DD2227 /* Controllers */ = {
			isa = PBXGroup;
			children = (
				007C7381215AE754008F4004 /* Home */,
				9AD25DCE2158913D00DD2227 /* Login */,
			);
			path = Controllers;
			sourceTree = "<group>";
		};
		9AD25DCE2158913D00DD2227 /* Login */ = {
			isa = PBXGroup;
			children = (
				9AD25DCF2158913D00DD2227 /* LoginViewController.swift */,
			);
			path = Login;
			sourceTree = "<group>";
		};
		9AD25DD02158913D00DD2227 /* Views */ = {
			isa = PBXGroup;
			children = (
				9AD25DD12158913D00DD2227 /* Storyboards */,
			);
			path = Views;
			sourceTree = "<group>";
		};
		9AD25DD12158913D00DD2227 /* Storyboards */ = {
			isa = PBXGroup;
			children = (
				9AD25DD22158913D00DD2227 /* Login.storyboard */,
				007C7384215AE8B3008F4004 /* Home.storyboard */,
				007C7388215AF07B008F4004 /* Menu.storyboard */,
			);
			path = Storyboards;
			sourceTree = "<group>";
		};
		9AD25DD52158913D00DD2227 /* Utils */ = {
			isa = PBXGroup;
			children = (
				9AD25DD62158913D00DD2227 /* AppStoryboard.swift */,
				00A5B3A7215B41EE00F457A3 /* Constants.swift */,
			);
			path = Utils;
			sourceTree = "<group>";
		};
		FB69350A251A9F6324C694DC /* Frameworks */ = {
			isa = PBXGroup;
			children = (
				32CDDB585E74E638CD320E4C /* Pods_AppBOA.framework */,
			);
			name = Frameworks;
			sourceTree = "<group>";
		};
/* End PBXGroup section */

/* Begin PBXNativeTarget section */
		9AD25DA521588E6D00DD2227 /* AppBOA */ = {
			isa = PBXNativeTarget;
			buildConfigurationList = 9AD25DC621588E7700DD2227 /* Build configuration list for PBXNativeTarget "AppBOA" */;
			buildPhases = (
				E83424541AAEF994B8676C71 /* [CP] Check Pods Manifest.lock */,
				9AD25DA221588E6D00DD2227 /* Sources */,
				9AD25DA321588E6D00DD2227 /* Frameworks */,
				9AD25DA421588E6D00DD2227 /* Resources */,
				A45EF99E6A4B43740B4867DD /* [CP] Embed Pods Frameworks */,
			);
			buildRules = (
			);
			dependencies = (
			);
			name = AppBOA;
			productName = AppBOA;
			productReference = 9AD25DA621588E6D00DD2227 /* AppBOA.app */;
			productType = "com.apple.product-type.application";
		};
		9AD25DBC21588E7700DD2227 /* AppBOATests */ = {
			isa = PBXNativeTarget;
			buildConfigurationList = 9AD25DC921588E7700DD2227 /* Build configuration list for PBXNativeTarget "AppBOATests" */;
			buildPhases = (
				9AD25DB921588E7700DD2227 /* Sources */,
				9AD25DBA21588E7700DD2227 /* Frameworks */,
				9AD25DBB21588E7700DD2227 /* Resources */,
			);
			buildRules = (
			);
			dependencies = (
				9AD25DBF21588E7700DD2227 /* PBXTargetDependency */,
			);
			name = AppBOATests;
			productName = AppBOATests;
			productReference = 9AD25DBD21588E7700DD2227 /* AppBOATests.xctest */;
			productType = "com.apple.product-type.bundle.unit-test";
		};
/* End PBXNativeTarget section */

/* Begin PBXProject section */
		9AD25D9E21588E6D00DD2227 /* Project object */ = {
			isa = PBXProject;
			attributes = {
				LastSwiftUpdateCheck = 0930;
				LastUpgradeCheck = 0930;
				ORGANIZATIONNAME = BOA;
				TargetAttributes = {
					9AD25DA521588E6D00DD2227 = {
						CreatedOnToolsVersion = 9.3.1;
					};
					9AD25DBC21588E7700DD2227 = {
						CreatedOnToolsVersion = 9.3.1;
						TestTargetID = 9AD25DA521588E6D00DD2227;
					};
				};
			};
			buildConfigurationList = 9AD25DA121588E6D00DD2227 /* Build configuration list for PBXProject "AppBOA" */;
			compatibilityVersion = "Xcode 9.3";
			developmentRegion = en;
			hasScannedForEncodings = 0;
			knownRegions = (
				en,
				Base,
			);
			mainGroup = 9AD25D9D21588E6D00DD2227;
			productRefGroup = 9AD25DA721588E6D00DD2227 /* Products */;
			projectDirPath = "";
			projectRoot = "";
			targets = (
				9AD25DA521588E6D00DD2227 /* AppBOA */,
				9AD25DBC21588E7700DD2227 /* AppBOATests */,
			);
		};
/* End PBXProject section */

/* Begin PBXResourcesBuildPhase section */
		9AD25DA421588E6D00DD2227 /* Resources */ = {
			isa = PBXResourcesBuildPhase;
			buildActionMask = 2147483647;
			files = (
				9AD25DD82158913E00DD2227 /* Login.storyboard in Resources */,
				007C7385215AE8B3008F4004 /* Home.storyboard in Resources */,
				9AD25DB721588E7700DD2227 /* LaunchScreen.storyboard in Resources */,
				007C7389215AF07B008F4004 /* Menu.storyboard in Resources */,
				9AD25DB421588E7700DD2227 /* Assets.xcassets in Resources */,
				9AD25DAF21588E6D00DD2227 /* Main.storyboard in Resources */,
			);
			runOnlyForDeploymentPostprocessing = 0;
		};
		9AD25DBB21588E7700DD2227 /* Resources */ = {
			isa = PBXResourcesBuildPhase;
			buildActionMask = 2147483647;
			files = (
			);
			runOnlyForDeploymentPostprocessing = 0;
		};
/* End PBXResourcesBuildPhase section */

/* Begin PBXShellScriptBuildPhase section */
		A45EF99E6A4B43740B4867DD /* [CP] Embed Pods Frameworks */ = {
			isa = PBXShellScriptBuildPhase;
			buildActionMask = 2147483647;
			files = (
			);
			inputPaths = (
				"${SRCROOT}/Pods/Target Support Files/Pods-AppBOA/Pods-AppBOA-frameworks.sh",
				"${BUILT_PRODUCTS_DIR}/Alamofire/Alamofire.framework",
				"${BUILT_PRODUCTS_DIR}/AlamofireObjectMapper/AlamofireObjectMapper.framework",
				"${BUILT_PRODUCTS_DIR}/MBProgressHUD/MBProgressHUD.framework",
				"${BUILT_PRODUCTS_DIR}/ObjectMapper/ObjectMapper.framework",
				"${BUILT_PRODUCTS_DIR}/ObjectMapper+Realm/ObjectMapper_Realm.framework",
				"${BUILT_PRODUCTS_DIR}/ObjectMapperAdditions/ObjectMapperAdditions.framework",
				"${BUILT_PRODUCTS_DIR}/ReachabilitySwift/Reachability.framework",
				"${BUILT_PRODUCTS_DIR}/Realm/Realm.framework",
				"${BUILT_PRODUCTS_DIR}/RealmSwift/RealmSwift.framework",
			);
			name = "[CP] Embed Pods Frameworks";
			outputPaths = (
				"${TARGET_BUILD_DIR}/${FRAMEWORKS_FOLDER_PATH}/Alamofire.framework",
				"${TARGET_BUILD_DIR}/${FRAMEWORKS_FOLDER_PATH}/AlamofireObjectMapper.framework",
				"${TARGET_BUILD_DIR}/${FRAMEWORKS_FOLDER_PATH}/MBProgressHUD.framework",
				"${TARGET_BUILD_DIR}/${FRAMEWORKS_FOLDER_PATH}/ObjectMapper.framework",
				"${TARGET_BUILD_DIR}/${FRAMEWORKS_FOLDER_PATH}/ObjectMapper_Realm.framework",
				"${TARGET_BUILD_DIR}/${FRAMEWORKS_FOLDER_PATH}/ObjectMapperAdditions.framework",
				"${TARGET_BUILD_DIR}/${FRAMEWORKS_FOLDER_PATH}/Reachability.framework",
				"${TARGET_BUILD_DIR}/${FRAMEWORKS_FOLDER_PATH}/Realm.framework",
				"${TARGET_BUILD_DIR}/${FRAMEWORKS_FOLDER_PATH}/RealmSwift.framework",
			);
			runOnlyForDeploymentPostprocessing = 0;
			shellPath = /bin/sh;
			shellScript = "\"${SRCROOT}/Pods/Target Support Files/Pods-AppBOA/Pods-AppBOA-frameworks.sh\"\n";
			showEnvVarsInLog = 0;
		};
		E83424541AAEF994B8676C71 /* [CP] Check Pods Manifest.lock */ = {
			isa = PBXShellScriptBuildPhase;
			buildActionMask = 2147483647;
			files = (
			);
			inputPaths = (
				"${PODS_PODFILE_DIR_PATH}/Podfile.lock",
				"${PODS_ROOT}/Manifest.lock",
			);
			name = "[CP] Check Pods Manifest.lock";
			outputPaths = (
				"$(DERIVED_FILE_DIR)/Pods-AppBOA-checkManifestLockResult.txt",
			);
			runOnlyForDeploymentPostprocessing = 0;
			shellPath = /bin/sh;
			shellScript = "diff \"${PODS_PODFILE_DIR_PATH}/Podfile.lock\" \"${PODS_ROOT}/Manifest.lock\" > /dev/null\nif [ $? != 0 ] ; then\n    # print error to STDERR\n    echo \"error: The sandbox is not in sync with the Podfile.lock. Run 'pod install' or update your CocoaPods installation.\" >&2\n    exit 1\nfi\n# This output is used by Xcode 'outputs' to avoid re-running this script phase.\necho \"SUCCESS\" > \"${SCRIPT_OUTPUT_FILE_0}\"\n";
			showEnvVarsInLog = 0;
		};
/* End PBXShellScriptBuildPhase section */

/* Begin PBXSourcesBuildPhase section */
		9AD25DA221588E6D00DD2227 /* Sources */ = {
			isa = PBXSourcesBuildPhase;
			buildActionMask = 2147483647;
			files = (
				9AD25DD92158913E00DD2227 /* AppStoryboard.swift in Sources */,
				3071710121703716009B7DEF /* AlertApproveTableViewCell.swift in Sources */,
				9AD25DD72158913E00DD2227 /* LoginViewController.swift in Sources */,
				00C4B0CA217007A200A956C5 /* AlertList.swift in Sources */,
				9AD25DAC21588E6D00DD2227 /* ViewController.swift in Sources */,
				9AD25DAA21588E6D00DD2227 /* AppDelegate.swift in Sources */,
				3001D8A421670662007B2B86 /* Lista.swift in Sources */,
				00A5B3AA215BB86000F457A3 /* ReachabilityManager.swift in Sources */,
				00A5B3AC215BB8DB00F457A3 /* ServerError.swift in Sources */,
				3006A1F1216EFAF9006F2FC9 /* ApproveAlertTableViewController.swift in Sources */,
				9AD25DB221588E6E00DD2227 /* AppBOA.xcdatamodeld in Sources */,
				3001282D2171A03200C37257 /* Login.swift in Sources */,
				305AE979216C543300E764AD /* AlertTableViewCell.swift in Sources */,
				007C7383215AE788008F4004 /* HomeViewController.swift in Sources */,
				00A5B3B0215D3A2200F457A3 /* AlertManager.swift in Sources */,
				3006A1EF216EF975006F2FC9 /* AlertDetailsViewController.swift in Sources */,
				00A5B3AE215C8FCB00F457A3 /* Alert.swift in Sources */,
				9A06AD6A21705DBE007EB192 /* AlertDetails.swift in Sources */,
				00A5B3A6215B405000F457A3 /* APIManager.swift in Sources */,
				3001282F2171A05500C37257 /* UserInfo.swift in Sources */,
				00A5B3A8215B41EE00F457A3 /* Constants.swift in Sources */,
			);
			runOnlyForDeploymentPostprocessing = 0;
		};
		9AD25DB921588E7700DD2227 /* Sources */ = {
			isa = PBXSourcesBuildPhase;
			buildActionMask = 2147483647;
			files = (
				9AD25DC221588E7700DD2227 /* AppBOATests.swift in Sources */,
			);
			runOnlyForDeploymentPostprocessing = 0;
		};
/* End PBXSourcesBuildPhase section */

/* Begin PBXTargetDependency section */
		9AD25DBF21588E7700DD2227 /* PBXTargetDependency */ = {
			isa = PBXTargetDependency;
			target = 9AD25DA521588E6D00DD2227 /* AppBOA */;
			targetProxy = 9AD25DBE21588E7700DD2227 /* PBXContainerItemProxy */;
		};
/* End PBXTargetDependency section */

/* Begin PBXVariantGroup section */
		9AD25DAD21588E6D00DD2227 /* Main.storyboard */ = {
			isa = PBXVariantGroup;
			children = (
				9AD25DAE21588E6D00DD2227 /* Base */,
			);
			name = Main.storyboard;
			sourceTree = "<group>";
		};
		9AD25DB521588E7700DD2227 /* LaunchScreen.storyboard */ = {
			isa = PBXVariantGroup;
			children = (
				9AD25DB621588E7700DD2227 /* Base */,
			);
			name = LaunchScreen.storyboard;
			sourceTree = "<group>";
		};
/* End PBXVariantGroup section */

/* Begin XCBuildConfiguration section */
		9AD25DC421588E7700DD2227 /* Debug */ = {
			isa = XCBuildConfiguration;
			buildSettings = {
				ALWAYS_SEARCH_USER_PATHS = NO;
				CLANG_ANALYZER_NONNULL = YES;
				CLANG_ANALYZER_NUMBER_OBJECT_CONVERSION = YES_AGGRESSIVE;
				CLANG_CXX_LANGUAGE_STANDARD = "gnu++14";
				CLANG_CXX_LIBRARY = "libc++";
				CLANG_ENABLE_MODULES = YES;
				CLANG_ENABLE_OBJC_ARC = YES;
				CLANG_ENABLE_OBJC_WEAK = YES;
				CLANG_WARN_BLOCK_CAPTURE_AUTORELEASING = YES;
				CLANG_WARN_BOOL_CONVERSION = YES;
				CLANG_WARN_COMMA = YES;
				CLANG_WARN_CONSTANT_CONVERSION = YES;
				CLANG_WARN_DEPRECATED_OBJC_IMPLEMENTATIONS = YES;
				CLANG_WARN_DIRECT_OBJC_ISA_USAGE = YES_ERROR;
				CLANG_WARN_DOCUMENTATION_COMMENTS = YES;
				CLANG_WARN_EMPTY_BODY = YES;
				CLANG_WARN_ENUM_CONVERSION = YES;
				CLANG_WARN_INFINITE_RECURSION = YES;
				CLANG_WARN_INT_CONVERSION = YES;
				CLANG_WARN_NON_LITERAL_NULL_CONVERSION = YES;
				CLANG_WARN_OBJC_IMPLICIT_RETAIN_SELF = YES;
				CLANG_WARN_OBJC_LITERAL_CONVERSION = YES;
				CLANG_WARN_OBJC_ROOT_CLASS = YES_ERROR;
				CLANG_WARN_RANGE_LOOP_ANALYSIS = YES;
				CLANG_WARN_STRICT_PROTOTYPES = YES;
				CLANG_WARN_SUSPICIOUS_MOVE = YES;
				CLANG_WARN_UNGUARDED_AVAILABILITY = YES_AGGRESSIVE;
				CLANG_WARN_UNREACHABLE_CODE = YES;
				CLANG_WARN__DUPLICATE_METHOD_MATCH = YES;
				CODE_SIGN_IDENTITY = "iPhone Developer";
				COPY_PHASE_STRIP = NO;
				DEBUG_INFORMATION_FORMAT = dwarf;
				ENABLE_STRICT_OBJC_MSGSEND = YES;
				ENABLE_TESTABILITY = YES;
				GCC_C_LANGUAGE_STANDARD = gnu11;
				GCC_DYNAMIC_NO_PIC = NO;
				GCC_NO_COMMON_BLOCKS = YES;
				GCC_OPTIMIZATION_LEVEL = 0;
				GCC_PREPROCESSOR_DEFINITIONS = (
					"DEBUG=1",
					"$(inherited)",
				);
				GCC_WARN_64_TO_32_BIT_CONVERSION = YES;
				GCC_WARN_ABOUT_RETURN_TYPE = YES_ERROR;
				GCC_WARN_UNDECLARED_SELECTOR = YES;
				GCC_WARN_UNINITIALIZED_AUTOS = YES_AGGRESSIVE;
				GCC_WARN_UNUSED_FUNCTION = YES;
				GCC_WARN_UNUSED_VARIABLE = YES;
				IPHONEOS_DEPLOYMENT_TARGET = 11.3;
				MTL_ENABLE_DEBUG_INFO = YES;
				ONLY_ACTIVE_ARCH = YES;
				SDKROOT = iphoneos;
				SWIFT_ACTIVE_COMPILATION_CONDITIONS = DEBUG;
				SWIFT_OPTIMIZATION_LEVEL = "-Onone";
			};
			name = Debug;
		};
		9AD25DC521588E7700DD2227 /* Release */ = {
			isa = XCBuildConfiguration;
			buildSettings = {
				ALWAYS_SEARCH_USER_PATHS = NO;
				CLANG_ANALYZER_NONNULL = YES;
				CLANG_ANALYZER_NUMBER_OBJECT_CONVERSION = YES_AGGRESSIVE;
				CLANG_CXX_LANGUAGE_STANDARD = "gnu++14";
				CLANG_CXX_LIBRARY = "libc++";
				CLANG_ENABLE_MODULES = YES;
				CLANG_ENABLE_OBJC_ARC = YES;
				CLANG_ENABLE_OBJC_WEAK = YES;
				CLANG_WARN_BLOCK_CAPTURE_AUTORELEASING = YES;
				CLANG_WARN_BOOL_CONVERSION = YES;
				CLANG_WARN_COMMA = YES;
				CLANG_WARN_CONSTANT_CONVERSION = YES;
				CLANG_WARN_DEPRECATED_OBJC_IMPLEMENTATIONS = YES;
				CLANG_WARN_DIRECT_OBJC_ISA_USAGE = YES_ERROR;
				CLANG_WARN_DOCUMENTATION_COMMENTS = YES;
				CLANG_WARN_EMPTY_BODY = YES;
				CLANG_WARN_ENUM_CONVERSION = YES;
				CLANG_WARN_INFINITE_RECURSION = YES;
				CLANG_WARN_INT_CONVERSION = YES;
				CLANG_WARN_NON_LITERAL_NULL_CONVERSION = YES;
				CLANG_WARN_OBJC_IMPLICIT_RETAIN_SELF = YES;
				CLANG_WARN_OBJC_LITERAL_CONVERSION = YES;
				CLANG_WARN_OBJC_ROOT_CLASS = YES_ERROR;
				CLANG_WARN_RANGE_LOOP_ANALYSIS = YES;
				CLANG_WARN_STRICT_PROTOTYPES = YES;
				CLANG_WARN_SUSPICIOUS_MOVE = YES;
				CLANG_WARN_UNGUARDED_AVAILABILITY = YES_AGGRESSIVE;
				CLANG_WARN_UNREACHABLE_CODE = YES;
				CLANG_WARN__DUPLICATE_METHOD_MATCH = YES;
				CODE_SIGN_IDENTITY = "iPhone Developer";
				COPY_PHASE_STRIP = NO;
				DEBUG_INFORMATION_FORMAT = "dwarf-with-dsym";
				ENABLE_NS_ASSERTIONS = NO;
				ENABLE_STRICT_OBJC_MSGSEND = YES;
				GCC_C_LANGUAGE_STANDARD = gnu11;
				GCC_NO_COMMON_BLOCKS = YES;
				GCC_WARN_64_TO_32_BIT_CONVERSION = YES;
				GCC_WARN_ABOUT_RETURN_TYPE = YES_ERROR;
				GCC_WARN_UNDECLARED_SELECTOR = YES;
				GCC_WARN_UNINITIALIZED_AUTOS = YES_AGGRESSIVE;
				GCC_WARN_UNUSED_FUNCTION = YES;
				GCC_WARN_UNUSED_VARIABLE = YES;
				IPHONEOS_DEPLOYMENT_TARGET = 11.3;
				MTL_ENABLE_DEBUG_INFO = NO;
				SDKROOT = iphoneos;
				SWIFT_COMPILATION_MODE = wholemodule;
				SWIFT_OPTIMIZATION_LEVEL = "-O";
				VALIDATE_PRODUCT = YES;
			};
			name = Release;
		};
		9AD25DC721588E7700DD2227 /* Debug */ = {
			isa = XCBuildConfiguration;
			baseConfigurationReference = F8C5AB60D264B3A1B260E96D /* Pods-AppBOA.debug.xcconfig */;
			buildSettings = {
				ASSETCATALOG_COMPILER_APPICON_NAME = AppIcon;
				CODE_SIGN_STYLE = Automatic;
				INFOPLIST_FILE = AppBOA/Info.plist;
				LD_RUNPATH_SEARCH_PATHS = (
					"$(inherited)",
					"@executable_path/Frameworks",
				);
				PRODUCT_BUNDLE_IDENTIFIER = mt.AppBOA;
				PRODUCT_NAME = "$(TARGET_NAME)";
				SWIFT_VERSION = 4.0;
				TARGETED_DEVICE_FAMILY = "1,2";
			};
			name = Debug;
		};
		9AD25DC821588E7700DD2227 /* Release */ = {
			isa = XCBuildConfiguration;
			baseConfigurationReference = F74A5F286D410FDA09F1452B /* Pods-AppBOA.release.xcconfig */;
			buildSettings = {
				ASSETCATALOG_COMPILER_APPICON_NAME = AppIcon;
				CODE_SIGN_STYLE = Automatic;
				INFOPLIST_FILE = AppBOA/Info.plist;
				LD_RUNPATH_SEARCH_PATHS = (
					"$(inherited)",
					"@executable_path/Frameworks",
				);
				PRODUCT_BUNDLE_IDENTIFIER = mt.AppBOA;
				PRODUCT_NAME = "$(TARGET_NAME)";
				SWIFT_VERSION = 4.0;
				TARGETED_DEVICE_FAMILY = "1,2";
			};
			name = Release;
		};
		9AD25DCA21588E7700DD2227 /* Debug */ = {
			isa = XCBuildConfiguration;
			buildSettings = {
				ALWAYS_EMBED_SWIFT_STANDARD_LIBRARIES = YES;
				BUNDLE_LOADER = "$(TEST_HOST)";
				CODE_SIGN_STYLE = Automatic;
				INFOPLIST_FILE = AppBOATests/Info.plist;
				LD_RUNPATH_SEARCH_PATHS = (
					"$(inherited)",
					"@executable_path/Frameworks",
					"@loader_path/Frameworks",
				);
				PRODUCT_BUNDLE_IDENTIFIER = mt.AppBOATests;
				PRODUCT_NAME = "$(TARGET_NAME)";
				SWIFT_VERSION = 4.0;
				TARGETED_DEVICE_FAMILY = "1,2";
				TEST_HOST = "$(BUILT_PRODUCTS_DIR)/AppBOA.app/AppBOA";
			};
			name = Debug;
		};
		9AD25DCB21588E7700DD2227 /* Release */ = {
			isa = XCBuildConfiguration;
			buildSettings = {
				ALWAYS_EMBED_SWIFT_STANDARD_LIBRARIES = YES;
				BUNDLE_LOADER = "$(TEST_HOST)";
				CODE_SIGN_STYLE = Automatic;
				INFOPLIST_FILE = AppBOATests/Info.plist;
				LD_RUNPATH_SEARCH_PATHS = (
					"$(inherited)",
					"@executable_path/Frameworks",
					"@loader_path/Frameworks",
				);
				PRODUCT_BUNDLE_IDENTIFIER = mt.AppBOATests;
				PRODUCT_NAME = "$(TARGET_NAME)";
				SWIFT_VERSION = 4.0;
				TARGETED_DEVICE_FAMILY = "1,2";
				TEST_HOST = "$(BUILT_PRODUCTS_DIR)/AppBOA.app/AppBOA";
			};
			name = Release;
		};
/* End XCBuildConfiguration section */

/* Begin XCConfigurationList section */
		9AD25DA121588E6D00DD2227 /* Build configuration list for PBXProject "AppBOA" */ = {
			isa = XCConfigurationList;
			buildConfigurations = (
				9AD25DC421588E7700DD2227 /* Debug */,
				9AD25DC521588E7700DD2227 /* Release */,
			);
			defaultConfigurationIsVisible = 0;
			defaultConfigurationName = Release;
		};
		9AD25DC621588E7700DD2227 /* Build configuration list for PBXNativeTarget "AppBOA" */ = {
			isa = XCConfigurationList;
			buildConfigurations = (
				9AD25DC721588E7700DD2227 /* Debug */,
				9AD25DC821588E7700DD2227 /* Release */,
			);
			defaultConfigurationIsVisible = 0;
			defaultConfigurationName = Release;
		};
		9AD25DC921588E7700DD2227 /* Build configuration list for PBXNativeTarget "AppBOATests" */ = {
			isa = XCConfigurationList;
			buildConfigurations = (
				9AD25DCA21588E7700DD2227 /* Debug */,
				9AD25DCB21588E7700DD2227 /* Release */,
			);
			defaultConfigurationIsVisible = 0;
			defaultConfigurationName = Release;
		};
/* End XCConfigurationList section */

/* Begin XCVersionGroup section */
		9AD25DB021588E6E00DD2227 /* AppBOA.xcdatamodeld */ = {
			isa = XCVersionGroup;
			children = (
				9AD25DB121588E6E00DD2227 /* AppBOA.xcdatamodel */,
			);
			currentVersion = 9AD25DB121588E6E00DD2227 /* AppBOA.xcdatamodel */;
			path = AppBOA.xcdatamodeld;
			sourceTree = "<group>";
			versionGroupType = wrapper.xcdatamodel;
		};
/* End XCVersionGroup section */
	};
	rootObject = 9AD25D9E21588E6D00DD2227 /* Project object */;
}
